
Microsoft Visual Studio Solution File, Format Version 12.00
# Visual Studio Version 17
VisualStudioVersion = 17.4.33213.308
MinimumVisualStudioVersion = 10.0.40219.1
Project("{FAE04EC0-301F-11D3-BF4B-00C04F79EFBC}") = "tekla api3", "tekla api3\tekla api3.csproj", "{45525EDA-CDF1-483B-BA5F-821ACB55E82C}"
EndProject
Global
	GlobalSection(SolutionConfigurationPlatforms) = preSolution
		Debug|Any CPU = Debug|Any CPU
		Release|Any CPU = Release|Any CPU
	EndGlobalSection
	GlobalSection(ProjectConfigurationPlatforms) = postSolution
		{45525EDA-CDF1-483B-BA5F-821ACB55E82C}.Debug|Any CPU.ActiveCfg = Debug|Any CPU
		{45525EDA-CDF1-483B-BA5F-821ACB55E82C}.Debug|Any CPU.Build.0 = Debug|Any CPU
		{45525EDA-CDF1-483B-BA5F-821ACB55E82C}.Release|Any CPU.ActiveCfg = Release|Any CPU
		{45525EDA-CDF1-483B-BA5F-821ACB55E82C}.Release|Any CPU.Build.0 = Release|Any CPU
	EndGlobalSection
	GlobalSection(SolutionProperties) = preSolution
		HideSolutionNode = FALSE
	EndGlobalSection
	GlobalSection(ExtensibilityGlobals) = postSolution
		SolutionGuid = {F1A942B6-8E5C-443C-A4F4-9C14048AD337}
	EndGlobalSection
EndGlobal
